
Microsoft Visual Studio Solution File, Format Version 12.00
# Visual Studio 14
VisualStudioVersion = 14.0.25420.1
MinimumVisualStudioVersion = 10.0.40219.1
Project("{FAE04EC0-301F-11D3-BF4B-00C04F79EFBC}") = "Historisation", "Historisation\Historisation.csproj", "{A5CD5AD7-BE88-4E86-88F9-AC6888EF8F12}"
EndProject
Project("{FAE04EC0-301F-11D3-BF4B-00C04F79EFBC}") = "Historisation.Tests", "Historisation.Tests\Historisation.Tests.csproj", "{E3204177-426E-4045-AF8B-BE8DC545F5D2}"
EndProject
Project("{FAE04EC0-301F-11D3-BF4B-00C04F79EFBC}") = "Domain", "Domain\Domain.csproj", "{AB9CAD05-CB4E-4AA7-8732-78136A94FE49}"
EndProject
Project("{FAE04EC0-301F-11D3-BF4B-00C04F79EFBC}") = "Data", "Data\Data.csproj", "{70ABB88E-8876-4CAD-A983-C3D1607C9123}"
EndProject
Project("{FAE04EC0-301F-11D3-BF4B-00C04F79EFBC}") = "Services", "Services\Services.csproj", "{9CC74264-13BD-4C2F-BD63-9F12C42BD4F8}"
EndProject
Global
	GlobalSection(SolutionConfigurationPlatforms) = preSolution
		Debug|Any CPU = Debug|Any CPU
		Release|Any CPU = Release|Any CPU
	EndGlobalSection
	GlobalSection(ProjectConfigurationPlatforms) = postSolution
		{A5CD5AD7-BE88-4E86-88F9-AC6888EF8F12}.Debug|Any CPU.ActiveCfg = Debug|Any CPU
		{A5CD5AD7-BE88-4E86-88F9-AC6888EF8F12}.Debug|Any CPU.Build.0 = Debug|Any CPU
		{A5CD5AD7-BE88-4E86-88F9-AC6888EF8F12}.Release|Any CPU.ActiveCfg = Release|Any CPU
		{A5CD5AD7-BE88-4E86-88F9-AC6888EF8F12}.Release|Any CPU.Build.0 = Release|Any CPU
		{E3204177-426E-4045-AF8B-BE8DC545F5D2}.Debug|Any CPU.ActiveCfg = Debug|Any CPU
		{E3204177-426E-4045-AF8B-BE8DC545F5D2}.Debug|Any CPU.Build.0 = Debug|Any CPU
		{E3204177-426E-4045-AF8B-BE8DC545F5D2}.Release|Any CPU.ActiveCfg = Release|Any CPU
		{E3204177-426E-4045-AF8B-BE8DC545F5D2}.Release|Any CPU.Build.0 = Release|Any CPU
		{AB9CAD05-CB4E-4AA7-8732-78136A94FE49}.Debug|Any CPU.ActiveCfg = Debug|Any CPU
		{AB9CAD05-CB4E-4AA7-8732-78136A94FE49}.Debug|Any CPU.Build.0 = Debug|Any CPU
		{AB9CAD05-CB4E-4AA7-8732-78136A94FE49}.Release|Any CPU.ActiveCfg = Release|Any CPU
		{AB9CAD05-CB4E-4AA7-8732-78136A94FE49}.Release|Any CPU.Build.0 = Release|Any CPU
		{70ABB88E-8876-4CAD-A983-C3D1607C9123}.Debug|Any CPU.ActiveCfg = Debug|Any CPU
		{70ABB88E-8876-4CAD-A983-C3D1607C9123}.Debug|Any CPU.Build.0 = Debug|Any CPU
		{70ABB88E-8876-4CAD-A983-C3D1607C9123}.Release|Any CPU.ActiveCfg = Release|Any CPU
		{70ABB88E-8876-4CAD-A983-C3D1607C9123}.Release|Any CPU.Build.0 = Release|Any CPU
		{9CC74264-13BD-4C2F-BD63-9F12C42BD4F8}.Debug|Any CPU.ActiveCfg = Debug|Any CPU
		{9CC74264-13BD-4C2F-BD63-9F12C42BD4F8}.Debug|Any CPU.Build.0 = Debug|Any CPU
		{9CC74264-13BD-4C2F-BD63-9F12C42BD4F8}.Release|Any CPU.ActiveCfg = Release|Any CPU
		{9CC74264-13BD-4C2F-BD63-9F12C42BD4F8}.Release|Any CPU.Build.0 = Release|Any CPU
	EndGlobalSection
	GlobalSection(SolutionProperties) = preSolution
		HideSolutionNode = FALSE
	EndGlobalSection
EndGlobal
